// !$*UTF8*$!
{
	archiveVersion = 1;
	classes = {
	};
	objectVersion = 77;
	objects = {

/* Begin PBXContainerItemProxy section */
		39B6B0862F742C3900421AF7 /* PBXContainerItemProxy */ = {
			isa = PBXContainerItemProxy;
			containerPortal = 39B6B06E2F742C3800421AF7 /* Project object */;
			proxyType = 1;
			remoteGlobalIDString = 39B6B0752F742C3800421AF7;
			remoteInfo = BridgingIO;
		};
		39B6B0902F742C3900421AF7 /* PBXContainerItemProxy */ = {
			isa = PBXContainerItemProxy;
			containerPortal = 39B6B06E2F742C3800421AF7 /* Project object */;
			proxyType = 1;
			remoteGlobalIDString = 39B6B0752F742C3800421AF7;
			remoteInfo = BridgingIO;
		};
/* End PBXContainerItemProxy section */

/* Begin PBXFileReference section */
		39B6B0762F742C3800421AF7 /* BridgingIO.app */ = {isa = PBXFileReference; explicitFileType = wrapper.application; includeInIndex = 0; path = BridgingIO.app; sourceTree = BUILT_PRODUCTS_DIR; };
		39B6B0852F742C3900421AF7 /* BridgingIOTests.xctest */ = {isa = PBXFileReference; explicitFileType = wrapper.cfbundle; includeInIndex = 0; path = BridgingIOTests.xctest; sourceTree = BUILT_PRODUCTS_DIR; };
		39B6B08F2F742C3900421AF7 /* BridgingIOUITests.xctest */ = {isa = PBXFileReference; explicitFileType = wrapper.cfbundle; includeInIndex = 0; path = BridgingIOUITests.xctest; sourceTree = BUILT_PRODUCTS_DIR; };
/* End PBXFileReference section */

/* Begin PBXFileSystemSynchronizedRootGroup section */
		39B6B0782F742C3800421AF7 /* BridgingIO */ = {
			isa = PBXFileSystemSynchronizedRootGroup;
			path = BridgingIO;
			sourceTree = "<group>";
		};
		39B6B0882F742C3900421AF7 /* BridgingIOTests */ = {
			isa = PBXFileSystemSynchronizedRootGroup;
			path = BridgingIOTests;
			sourceTree = "<group>";
		};
		39B6B0922F742C3900421AF7 /* BridgingIOUITests */ = {
			isa = PBXFileSystemSynchronizedRootGroup;
			path = BridgingIOUITests;
			sourceTree = "<group>";
		};
/* End PBXFileSystemSynchronizedRootGroup section */

/* Begin PBXFrameworksBuildPhase section */
		39B6B0732F742C3800421AF7 /* Frameworks */ = {
			isa = PBXFrameworksBuildPhase;
			buildActionMask = 2147483647;
			files = (
			);
			runOnlyForDeploymentPostprocessing = 0;
		};
		39B6B0822F742C3900421AF7 /* Frameworks */ = {
			isa = PBXFrameworksBuildPhase;
			buildActionMask = 2147483647;
			files = (
			);
			runOnlyForDeploymentPostprocessing = 0;
		};
		39B6B08C2F742C3900421AF7 /* Frameworks */ = {
			isa = PBXFrameworksBuildPhase;
			buildActionMask = 2147483647;
			files = (
			);
			runOnlyForDeploymentPostprocessing = 0;
		};
/* End PBXFrameworksBuildPhase section */

/* Begin PBXGroup section */
		39B6B06D2F742C3800421AF7 = {
			isa = PBXGroup;
			children = (
				39B6B0782F742C3800421AF7 /* BridgingIO */,
				39B6B0882F742C3900421AF7 /* BridgingIOTests */,
				39B6B0922F742C3900421AF7 /* BridgingIOUITests */,
				39B6B0772F742C3800421AF7 /* Products */,
			);
			sourceTree = "<group>";
		};
		39B6B0772F742C3800421AF7 /* Products */ = {
			isa = PBXGroup;
			children = (
				39B6B0762F742C3800421AF7 /* BridgingIO.app */,
				39B6B0852F742C3900421AF7 /* BridgingIOTests.xctest */,
				39B6B08F2F742C3900421AF7 /* BridgingIOUITests.xctest */,
			);
			name = Products;
			sourceTree = "<group>";
		};
/* End PBXGroup section */

/* Begin PBXNativeTarget section */
		39B6B0752F742C3800421AF7 /* BridgingIO */ = {
			isa = PBXNativeTarget;
			buildConfigurationList = 39B6B0992F742C3900421AF7 /* Build configuration list for PBXNativeTarget "BridgingIO" */;
			buildPhases = (
				39B6B0722F742C3800421AF7 /* Sources */,
				7E8A8B7F2FA1A00100A0B0C0 /* Embed bridgingio-core */,
				39B6B0732F742C3800421AF7 /* Frameworks */,
				39B6B0742F742C3800421AF7 /* Resources */,
			);
			buildRules = (
			);
			dependencies = (
			);
			fileSystemSynchronizedGroups = (
				39B6B0782F742C3800421AF7 /* BridgingIO */,
			);
			name = BridgingIO;
			packageProductDependencies = (
			);
			productName = BridgingIO;
			productReference = 39B6B0762F742C3800421AF7 /* BridgingIO.app */;
			productType = "com.apple.product-type.application";
		};
		39B6B0842F742C3900421AF7 /* BridgingIOTests */ = {
			isa = PBXNativeTarget;
			buildConfigurationList = 39B6B09C2F742C3900421AF7 /* Build configuration list for PBXNativeTarget "BridgingIOTests" */;
			buildPhases = (
				39B6B0812F742C3900421AF7 /* Sources */,
				39B6B0822F742C3900421AF7 /* Frameworks */,
				39B6B0832F742C3900421AF7 /* Resources */,
			);
			buildRules = (
			);
			dependencies = (
				39B6B0872F742C3900421AF7 /* PBXTargetDependency */,
			);
			fileSystemSynchronizedGroups = (
				39B6B0882F742C3900421AF7 /* BridgingIOTests */,
			);
			name = BridgingIOTests;
			packageProductDependencies = (
			);
			productName = BridgingIOTests;
			productReference = 39B6B0852F742C3900421AF7 /* BridgingIOTests.xctest */;
			productType = "com.apple.product-type.bundle.unit-test";
		};
		39B6B08E2F742C3900421AF7 /* BridgingIOUITests */ = {
			isa = PBXNativeTarget;
			buildConfigurationList = 39B6B09F2F742C3900421AF7 /* Build configuration list for PBXNativeTarget "BridgingIOUITests" */;
			buildPhases = (
				39B6B08B2F742C3900421AF7 /* Sources */,
				39B6B08C2F742C3900421AF7 /* Frameworks */,
				39B6B08D2F742C3900421AF7 /* Resources */,
			);
			buildRules = (
			);
			dependencies = (
				39B6B0912F742C3900421AF7 /* PBXTargetDependency */,
			);
			fileSystemSynchronizedGroups = (
				39B6B0922F742C3900421AF7 /* BridgingIOUITests */,
			);
			name = BridgingIOUITests;
			packageProductDependencies = (
			);
			productName = BridgingIOUITests;
			productReference = 39B6B08F2F742C3900421AF7 /* BridgingIOUITests.xctest */;
			productType = "com.apple.product-type.bundle.ui-testing";
		};
/* End PBXNativeTarget section */

/* Begin PBXProject section */
		39B6B06E2F742C3800421AF7 /* Project object */ = {
			isa = PBXProject;
			attributes = {
				BuildIndependentTargetsInParallel = 1;
				LastSwiftUpdateCheck = 2630;
				LastUpgradeCheck = 2630;
				TargetAttributes = {
					39B6B0752F742C3800421AF7 = {
						CreatedOnToolsVersion = 26.3;
					};
					39B6B0842F742C3900421AF7 = {
						CreatedOnToolsVersion = 26.3;
						TestTargetID = 39B6B0752F742C3800421AF7;
					};
					39B6B08E2F742C3900421AF7 = {
						CreatedOnToolsVersion = 26.3;
						TestTargetID = 39B6B0752F742C3800421AF7;
					};
				};
			};
			buildConfigurationList = 39B6B0712F742C3800421AF7 /* Build configuration list for PBXProject "BridgingIO" */;
			developmentRegion = en;
			hasScannedForEncodings = 0;
			knownRegions = (
				en,
				Base,
				"zh-Hans",
			);
			mainGroup = 39B6B06D2F742C3800421AF7;
			minimizedProjectReferenceProxies = 1;
			preferredProjectObjectVersion = 77;
			productRefGroup = 39B6B0772F742C3800421AF7 /* Products */;
			projectDirPath = "";
			projectRoot = "";
			targets = (
				39B6B0752F742C3800421AF7 /* BridgingIO */,
				39B6B0842F742C3900421AF7 /* BridgingIOTests */,
				39B6B08E2F742C3900421AF7 /* BridgingIOUITests */,
			);
		};
/* End PBXProject section */

/* Begin PBXResourcesBuildPhase section */
		39B6B0742F742C3800421AF7 /* Resources */ = {
			isa = PBXResourcesBuildPhase;
			buildActionMask = 2147483647;
			files = (
			);
			runOnlyForDeploymentPostprocessing = 0;
		};
		39B6B0832F742C3900421AF7 /* Resources */ = {
			isa = PBXResourcesBuildPhase;
			buildActionMask = 2147483647;
			files = (
			);
			runOnlyForDeploymentPostprocessing = 0;
		};
		39B6B08D2F742C3900421AF7 /* Resources */ = {
			isa = PBXResourcesBuildPhase;
			buildActionMask = 2147483647;
			files = (
			);
			runOnlyForDeploymentPostprocessing = 0;
		};
/* End PBXResourcesBuildPhase section */

/* Begin PBXShellScriptBuildPhase section */
		7E8A8B7F2FA1A00100A0B0C0 /* Embed bridgingio-core */ = {
			isa = PBXShellScriptBuildPhase;
			buildActionMask = 2147483647;
			files = (
			);
			inputFileListPaths = (
			);
				inputPaths = (
					"$(PROJECT_DIR)/../../rust/target/debug/bridgingio-core",
					"$(PROJECT_DIR)/../../rust/target/release/bridgingio-core",
					"$(TARGET_BUILD_DIR)/$(CONTENTS_FOLDER_PATH)/Info.plist",
				);
			name = "Embed bridgingio-core";
			outputFileListPaths = (
			);
				outputPaths = (
					"$(TARGET_BUILD_DIR)/$(CONTENTS_FOLDER_PATH)/MacOS/bridgingio-core",
					"$(TARGET_BUILD_DIR)/$(CONTENTS_FOLDER_PATH)/MacOS/bridgingio-core.cstemp",
				);
			runOnlyForDeploymentPostprocessing = 0;
			shellPath = /bin/sh;
			shellScript = "set -eu\n\nREPO_SOURCE_ROOT=\"${PROJECT_DIR}/../..\"\nPROFILE=\"debug\"\nif [ \"${CONFIGURATION}\" = \"Release\" ]; then\n  PROFILE=\"release\"\nfi\n\nif [ -n \"${BRIDGINGIO_CORE_BIN:-}\" ]; then\n  CORE_BIN=\"${BRIDGINGIO_CORE_BIN}\"\nelse\n  CORE_BIN=\"${REPO_SOURCE_ROOT}/rust/target/${PROFILE}/bridgingio-core\"\nfi\n\nif [ ! -x \"${CORE_BIN}\" ]; then\n  echo \"error: bridgingio-core not found at ${CORE_BIN}\"\n  echo \"error: build it first: cd ${REPO_SOURCE_ROOT}/rust && cargo build -p bridgingio-mcp --bin bridgingio-core\"\n  exit 1\nfi\n\nDEST=\"${TARGET_BUILD_DIR}/${CONTENTS_FOLDER_PATH}/MacOS/bridgingio-core\"\ncp \"${CORE_BIN}\" \"${DEST}\"\nchmod +x \"${DEST}\"\n\nif [ -n \"${EXPANDED_CODE_SIGN_IDENTITY:-}\" ] && [ \"${CODE_SIGNING_ALLOWED}\" = \"YES\" ]; then\n  /usr/bin/codesign --force --sign \"${EXPANDED_CODE_SIGN_IDENTITY}\" --timestamp=none --generate-entitlement-der \"${DEST}\"\nfi\n\necho \"embedded bridgingio-core -> ${DEST}\"";
			showEnvVarsInLog = 0;
		};
/* End PBXShellScriptBuildPhase section */

/* Begin PBXSourcesBuildPhase section */
		39B6B0722F742C3800421AF7 /* Sources */ = {
			isa = PBXSourcesBuildPhase;
			buildActionMask = 2147483647;
			files = (
			);
			runOnlyForDeploymentPostprocessing = 0;
		};
		39B6B0812F742C3900421AF7 /* Sources */ = {
			isa = PBXSourcesBuildPhase;
			buildActionMask = 2147483647;
			files = (
			);
			runOnlyForDeploymentPostprocessing = 0;
		};
		39B6B08B2F742C3900421AF7 /* Sources */ = {
			isa = PBXSourcesBuildPhase;
			buildActionMask = 2147483647;
			files = (
			);
			runOnlyForDeploymentPostprocessing = 0;
		};
/* End PBXSourcesBuildPhase section */

/* Begin PBXTargetDependency section */
		39B6B0872F742C3900421AF7 /* PBXTargetDependency */ = {
			isa = PBXTargetDependency;
			target = 39B6B0752F742C3800421AF7 /* BridgingIO */;
			targetProxy = 39B6B0862F742C3900421AF7 /* PBXContainerItemProxy */;
		};
		39B6B0912F742C3900421AF7 /* PBXTargetDependency */ = {
			isa = PBXTargetDependency;
			target = 39B6B0752F742C3800421AF7 /* BridgingIO */;
			targetProxy = 39B6B0902F742C3900421AF7 /* PBXContainerItemProxy */;
		};
/* End PBXTargetDependency section */

/* Begin XCBuildConfiguration section */
		39B6B0972F742C3900421AF7 /* Debug */ = {
			isa = XCBuildConfiguration;
			buildSettings = {
				ALWAYS_SEARCH_USER_PATHS = NO;
				ASSETCATALOG_COMPILER_GENERATE_SWIFT_ASSET_SYMBOL_EXTENSIONS = YES;
				CLANG_ANALYZER_NONNULL = YES;
				CLANG_ANALYZER_NUMBER_OBJECT_CONVERSION = YES_AGGRESSIVE;
				CLANG_CXX_LANGUAGE_STANDARD = "gnu++20";
				CLANG_ENABLE_MODULES = YES;
				CLANG_ENABLE_OBJC_ARC = YES;
				CLANG_ENABLE_OBJC_WEAK = YES;
				CLANG_WARN_BLOCK_CAPTURE_AUTORELEASING = YES;
				CLANG_WARN_BOOL_CONVERSION = YES;
				CLANG_WARN_COMMA = YES;
				CLANG_WARN_CONSTANT_CONVERSION = YES;
				CLANG_WARN_DEPRECATED_OBJC_IMPLEMENTATIONS = YES;
				CLANG_WARN_DIRECT_OBJC_ISA_USAGE = YES_ERROR;
				CLANG_WARN_DOCUMENTATION_COMMENTS = YES;
				CLANG_WARN_EMPTY_BODY = YES;
				CLANG_WARN_ENUM_CONVERSION = YES;
				CLANG_WARN_INFINITE_RECURSION = YES;
				CLANG_WARN_INT_CONVERSION = YES;
				CLANG_WARN_NON_LITERAL_NULL_CONVERSION = YES;
				CLANG_WARN_OBJC_IMPLICIT_RETAIN_SELF = YES;
				CLANG_WARN_OBJC_LITERAL_CONVERSION = YES;
				CLANG_WARN_OBJC_ROOT_CLASS = YES_ERROR;
				CLANG_WARN_QUOTED_INCLUDE_IN_FRAMEWORK_HEADER = YES;
				CLANG_WARN_RANGE_LOOP_ANALYSIS = YES;
				CLANG_WARN_STRICT_PROTOTYPES = YES;
				CLANG_WARN_SUSPICIOUS_MOVE = YES;
				CLANG_WARN_UNGUARDED_AVAILABILITY = YES_AGGRESSIVE;
				CLANG_WARN_UNREACHABLE_CODE = YES;
				CLANG_WARN__DUPLICATE_METHOD_MATCH = YES;
				COPY_PHASE_STRIP = NO;
				DEBUG_INFORMATION_FORMAT = dwarf;
				ENABLE_STRICT_OBJC_MSGSEND = YES;
				ENABLE_TESTABILITY = YES;
				ENABLE_USER_SCRIPT_SANDBOXING = YES;
				GCC_C_LANGUAGE_STANDARD = gnu17;
				GCC_DYNAMIC_NO_PIC = NO;
				GCC_NO_COMMON_BLOCKS = YES;
				GCC_OPTIMIZATION_LEVEL = 0;
				GCC_PREPROCESSOR_DEFINITIONS = (
					"DEBUG=1",
					"$(inherited)",
				);
				GCC_WARN_64_TO_32_BIT_CONVERSION = YES;
				GCC_WARN_ABOUT_RETURN_TYPE = YES_ERROR;
				GCC_WARN_UNDECLARED_SELECTOR = YES;
				GCC_WARN_UNINITIALIZED_AUTOS = YES_AGGRESSIVE;
				GCC_WARN_UNUSED_FUNCTION = YES;
				GCC_WARN_UNUSED_VARIABLE = YES;
				LOCALIZATION_PREFERS_STRING_CATALOGS = YES;
				MACOSX_DEPLOYMENT_TARGET = 15.7;
				MTL_ENABLE_DEBUG_INFO = INCLUDE_SOURCE;
				MTL_FAST_MATH = YES;
				ONLY_ACTIVE_ARCH = YES;
				SDKROOT = macosx;
				SWIFT_ACTIVE_COMPILATION_CONDITIONS = "DEBUG $(inherited)";
				SWIFT_OPTIMIZATION_LEVEL = "-Onone";
			};
			name = Debug;
		};
		39B6B0982F742C3900421AF7 /* Release */ = {
			isa = XCBuildConfiguration;
			buildSettings = {
				ALWAYS_SEARCH_USER_PATHS = NO;
				ASSETCATALOG_COMPILER_GENERATE_SWIFT_ASSET_SYMBOL_EXTENSIONS = YES;
				CLANG_ANALYZER_NONNULL = YES;
				CLANG_ANALYZER_NUMBER_OBJECT_CONVERSION = YES_AGGRESSIVE;
				CLANG_CXX_LANGUAGE_STANDARD = "gnu++20";
				CLANG_ENABLE_MODULES = YES;
				CLANG_ENABLE_OBJC_ARC = YES;
				CLANG_ENABLE_OBJC_WEAK = YES;
				CLANG_WARN_BLOCK_CAPTURE_AUTORELEASING = YES;
				CLANG_WARN_BOOL_CONVERSION = YES;
				CLANG_WARN_COMMA = YES;
				CLANG_WARN_CONSTANT_CONVERSION = YES;
				CLANG_WARN_DEPRECATED_OBJC_IMPLEMENTATIONS = YES;
				CLANG_WARN_DIRECT_OBJC_ISA_USAGE = YES_ERROR;
				CLANG_WARN_DOCUMENTATION_COMMENTS = YES;
				CLANG_WARN_EMPTY_BODY = YES;
				CLANG_WARN_ENUM_CONVERSION = YES;
				CLANG_WARN_INFINITE_RECURSION = YES;
				CLANG_WARN_INT_CONVERSION = YES;
				CLANG_WARN_NON_LITERAL_NULL_CONVERSION = YES;
				CLANG_WARN_OBJC_IMPLICIT_RETAIN_SELF = YES;
				CLANG_WARN_OBJC_LITERAL_CONVERSION = YES;
				CLANG_WARN_OBJC_ROOT_CLASS = YES_ERROR;
				CLANG_WARN_QUOTED_INCLUDE_IN_FRAMEWORK_HEADER = YES;
				CLANG_WARN_RANGE_LOOP_ANALYSIS = YES;
				CLANG_WARN_STRICT_PROTOTYPES = YES;
				CLANG_WARN_SUSPICIOUS_MOVE = YES;
				CLANG_WARN_UNGUARDED_AVAILABILITY = YES_AGGRESSIVE;
				CLANG_WARN_UNREACHABLE_CODE = YES;
				CLANG_WARN__DUPLICATE_METHOD_MATCH = YES;
				COPY_PHASE_STRIP = NO;
				DEBUG_INFORMATION_FORMAT = "dwarf-with-dsym";
				ENABLE_NS_ASSERTIONS = NO;
				ENABLE_STRICT_OBJC_MSGSEND = YES;
				ENABLE_USER_SCRIPT_SANDBOXING = YES;
				GCC_C_LANGUAGE_STANDARD = gnu17;
				GCC_NO_COMMON_BLOCKS = YES;
				GCC_WARN_64_TO_32_BIT_CONVERSION = YES;
				GCC_WARN_ABOUT_RETURN_TYPE = YES_ERROR;
				GCC_WARN_UNDECLARED_SELECTOR = YES;
				GCC_WARN_UNINITIALIZED_AUTOS = YES_AGGRESSIVE;
				GCC_WARN_UNUSED_FUNCTION = YES;
				GCC_WARN_UNUSED_VARIABLE = YES;
				LOCALIZATION_PREFERS_STRING_CATALOGS = YES;
				MACOSX_DEPLOYMENT_TARGET = 15.7;
				MTL_ENABLE_DEBUG_INFO = NO;
				MTL_FAST_MATH = YES;
				SDKROOT = macosx;
				SWIFT_COMPILATION_MODE = wholemodule;
			};
			name = Release;
		};
		39B6B09A2F742C3900421AF7 /* Debug */ = {
			isa = XCBuildConfiguration;
			buildSettings = {
				ASSETCATALOG_COMPILER_APPICON_NAME = AppIcon;
				ASSETCATALOG_COMPILER_GLOBAL_ACCENT_COLOR_NAME = AccentColor;
				CODE_SIGN_STYLE = Automatic;
				COMBINE_HIDPI_IMAGES = YES;
				CURRENT_PROJECT_VERSION = 1;
				ENABLE_APP_SANDBOX = YES;
				ENABLE_INCOMING_NETWORK_CONNECTIONS = YES;
				ENABLE_OUTGOING_NETWORK_CONNECTIONS = YES;
				ENABLE_PREVIEWS = YES;
				ENABLE_USER_SELECTED_FILES = readonly;
				GENERATE_INFOPLIST_FILE = YES;
				INFOPLIST_KEY_NSHumanReadableCopyright = "";
				LD_RUNPATH_SEARCH_PATHS = (
					"$(inherited)",
					"@executable_path/../Frameworks",
				);
				MARKETING_VERSION = 1.0;
				PRODUCT_BUNDLE_IDENTIFIER = cn.magicdian.BridgingIO;
				PRODUCT_NAME = "$(TARGET_NAME)";
				REGISTER_APP_GROUPS = YES;
				STRING_CATALOG_GENERATE_SYMBOLS = YES;
				SWIFT_APPROACHABLE_CONCURRENCY = YES;
				SWIFT_DEFAULT_ACTOR_ISOLATION = MainActor;
				SWIFT_EMIT_LOC_STRINGS = YES;
				SWIFT_UPCOMING_FEATURE_MEMBER_IMPORT_VISIBILITY = YES;
				SWIFT_VERSION = 5.0;
			};
			name = Debug;
		};
		39B6B09B2F742C3900421AF7 /* Release */ = {
			isa = XCBuildConfiguration;
			buildSettings = {
				ASSETCATALOG_COMPILER_APPICON_NAME = AppIcon;
				ASSETCATALOG_COMPILER_GLOBAL_ACCENT_COLOR_NAME = AccentColor;
				CODE_SIGN_STYLE = Automatic;
				COMBINE_HIDPI_IMAGES = YES;
				CURRENT_PROJECT_VERSION = 1;
				ENABLE_APP_SANDBOX = YES;
				ENABLE_INCOMING_NETWORK_CONNECTIONS = YES;
				ENABLE_OUTGOING_NETWORK_CONNECTIONS = YES;
				ENABLE_PREVIEWS = YES;
				ENABLE_USER_SELECTED_FILES = readonly;
				GENERATE_INFOPLIST_FILE = YES;
				INFOPLIST_KEY_NSHumanReadableCopyright = "";
				LD_RUNPATH_SEARCH_PATHS = (
					"$(inherited)",
					"@executable_path/../Frameworks",
				);
				MARKETING_VERSION = 1.0;
				PRODUCT_BUNDLE_IDENTIFIER = cn.magicdian.BridgingIO;
				PRODUCT_NAME = "$(TARGET_NAME)";
				REGISTER_APP_GROUPS = YES;
				STRING_CATALOG_GENERATE_SYMBOLS = YES;
				SWIFT_APPROACHABLE_CONCURRENCY = YES;
				SWIFT_DEFAULT_ACTOR_ISOLATION = MainActor;
				SWIFT_EMIT_LOC_STRINGS = YES;
				SWIFT_UPCOMING_FEATURE_MEMBER_IMPORT_VISIBILITY = YES;
				SWIFT_VERSION = 5.0;
			};
			name = Release;
		};
		39B6B09D2F742C3900421AF7 /* Debug */ = {
			isa = XCBuildConfiguration;
			buildSettings = {
				BUNDLE_LOADER = "$(TEST_HOST)";
				CODE_SIGN_STYLE = Automatic;
				CURRENT_PROJECT_VERSION = 1;
				GENERATE_INFOPLIST_FILE = YES;
				MACOSX_DEPLOYMENT_TARGET = 15.7;
				MARKETING_VERSION = 1.0;
				PRODUCT_BUNDLE_IDENTIFIER = cn.magicdian.BridgingIOTests;
				PRODUCT_NAME = "$(TARGET_NAME)";
				STRING_CATALOG_GENERATE_SYMBOLS = NO;
				SWIFT_APPROACHABLE_CONCURRENCY = YES;
				SWIFT_EMIT_LOC_STRINGS = NO;
				SWIFT_UPCOMING_FEATURE_MEMBER_IMPORT_VISIBILITY = YES;
				SWIFT_VERSION = 5.0;
				TEST_HOST = "$(BUILT_PRODUCTS_DIR)/BridgingIO.app/$(BUNDLE_EXECUTABLE_FOLDER_PATH)/BridgingIO";
			};
			name = Debug;
		};
		39B6B09E2F742C3900421AF7 /* Release */ = {
			isa = XCBuildConfiguration;
			buildSettings = {
				BUNDLE_LOADER = "$(TEST_HOST)";
				CODE_SIGN_STYLE = Automatic;
				CURRENT_PROJECT_VERSION = 1;
				GENERATE_INFOPLIST_FILE = YES;
				MACOSX_DEPLOYMENT_TARGET = 15.7;
				MARKETING_VERSION = 1.0;
				PRODUCT_BUNDLE_IDENTIFIER = cn.magicdian.BridgingIOTests;
				PRODUCT_NAME = "$(TARGET_NAME)";
				STRING_CATALOG_GENERATE_SYMBOLS = NO;
				SWIFT_APPROACHABLE_CONCURRENCY = YES;
				SWIFT_EMIT_LOC_STRINGS = NO;
				SWIFT_UPCOMING_FEATURE_MEMBER_IMPORT_VISIBILITY = YES;
				SWIFT_VERSION = 5.0;
				TEST_HOST = "$(BUILT_PRODUCTS_DIR)/BridgingIO.app/$(BUNDLE_EXECUTABLE_FOLDER_PATH)/BridgingIO";
			};
			name = Release;
		};
		39B6B0A02F742C3900421AF7 /* Debug */ = {
			isa = XCBuildConfiguration;
			buildSettings = {
				CODE_SIGN_STYLE = Automatic;
				CURRENT_PROJECT_VERSION = 1;
				GENERATE_INFOPLIST_FILE = YES;
				MARKETING_VERSION = 1.0;
				PRODUCT_BUNDLE_IDENTIFIER = cn.magicdian.BridgingIOUITests;
				PRODUCT_NAME = "$(TARGET_NAME)";
				STRING_CATALOG_GENERATE_SYMBOLS = NO;
				SWIFT_APPROACHABLE_CONCURRENCY = YES;
				SWIFT_EMIT_LOC_STRINGS = NO;
				SWIFT_UPCOMING_FEATURE_MEMBER_IMPORT_VISIBILITY = YES;
				SWIFT_VERSION = 5.0;
				TEST_TARGET_NAME = BridgingIO;
			};
			name = Debug;
		};
		39B6B0A12F742C3900421AF7 /* Release */ = {
			isa = XCBuildConfiguration;
			buildSettings = {
				CODE_SIGN_STYLE = Automatic;
				CURRENT_PROJECT_VERSION = 1;
				GENERATE_INFOPLIST_FILE = YES;
				MARKETING_VERSION = 1.0;
				PRODUCT_BUNDLE_IDENTIFIER = cn.magicdian.BridgingIOUITests;
				PRODUCT_NAME = "$(TARGET_NAME)";
				STRING_CATALOG_GENERATE_SYMBOLS = NO;
				SWIFT_APPROACHABLE_CONCURRENCY = YES;
				SWIFT_EMIT_LOC_STRINGS = NO;
				SWIFT_UPCOMING_FEATURE_MEMBER_IMPORT_VISIBILITY = YES;
				SWIFT_VERSION = 5.0;
				TEST_TARGET_NAME = BridgingIO;
			};
			name = Release;
		};
/* End XCBuildConfiguration section */

/* Begin XCConfigurationList section */
		39B6B0712F742C3800421AF7 /* Build configuration list for PBXProject "BridgingIO" */ = {
			isa = XCConfigurationList;
			buildConfigurations = (
				39B6B0972F742C3900421AF7 /* Debug */,
				39B6B0982F742C3900421AF7 /* Release */,
			);
			defaultConfigurationIsVisible = 0;
			defaultConfigurationName = Release;
		};
		39B6B0992F742C3900421AF7 /* Build configuration list for PBXNativeTarget "BridgingIO" */ = {
			isa = XCConfigurationList;
			buildConfigurations = (
				39B6B09A2F742C3900421AF7 /* Debug */,
				39B6B09B2F742C3900421AF7 /* Release */,
			);
			defaultConfigurationIsVisible = 0;
			defaultConfigurationName = Release;
		};
		39B6B09C2F742C3900421AF7 /* Build configuration list for PBXNativeTarget "BridgingIOTests" */ = {
			isa = XCConfigurationList;
			buildConfigurations = (
				39B6B09D2F742C3900421AF7 /* Debug */,
				39B6B09E2F742C3900421AF7 /* Release */,
			);
			defaultConfigurationIsVisible = 0;
			defaultConfigurationName = Release;
		};
		39B6B09F2F742C3900421AF7 /* Build configuration list for PBXNativeTarget "BridgingIOUITests" */ = {
			isa = XCConfigurationList;
			buildConfigurations = (
				39B6B0A02F742C3900421AF7 /* Debug */,
				39B6B0A12F742C3900421AF7 /* Release */,
			);
			defaultConfigurationIsVisible = 0;
			defaultConfigurationName = Release;
		};
/* End XCConfigurationList section */
	};
	rootObject = 39B6B06E2F742C3800421AF7 /* Project object */;
}
