# This file is automatically @generated by Cargo.
# It is not intended for manual editing.
version = 4

[[package]]
name = "bridgingio-app-api"
version = "0.1.0"
dependencies = [
 "bridgingio-domain",
]

[[package]]
name = "bridgingio-artifacts"
version = "0.1.0"
dependencies = [
 "bridgingio-domain",
]

[[package]]
name = "bridgingio-connectors"
version = "0.1.0"
dependencies = [
 "bridgingio-domain",
]

[[package]]
name = "bridgingio-domain"
version = "0.1.0"

[[package]]
name = "bridgingio-engine"
version = "0.1.0"
dependencies = [
 "bridgingio-domain",
]

[[package]]
name = "bridgingio-mcp"
version = "0.1.0"
dependencies = [
 "bridgingio-domain",
 "bridgingio-engine",
 "bridgingio-policy",
 "bridgingio-providers",
]

[[package]]
name = "bridgingio-policy"
version = "0.1.0"
dependencies = [
 "bridgingio-domain",
]

[[package]]
name = "bridgingio-providers"
version = "0.1.0"
dependencies = [
 "bridgingio-artifacts",
 "bridgingio-domain",
 "bridgingio-policy",
]

[[package]]
name = "bridgingio-secrets"
version = "0.1.0"
